
Microsoft Visual Studio Solution File, Format Version 12.00
# Visual Studio Version 17
VisualStudioVersion = 17.5.002.0
MinimumVisualStudioVersion = 10.0.40219.1
Project("{9A19103F-16F7-4668-BE54-9A1E7A4F7556}") = "myWebApp", "myWebApp.csproj", "{A2FA7632-540B-4B36-9D9E-744B13F3E492}"
EndProject
Global
	GlobalSection(SolutionConfigurationPlatforms) = preSolution
		Debug|Any CPU = Debug|Any CPU
		Release|Any CPU = Release|Any CPU
	EndGlobalSection
	GlobalSection(ProjectConfigurationPlatforms) = postSolution
		{A2FA7632-540B-4B36-9D9E-744B13F3E492}.Debug|Any CPU.ActiveCfg = Debug|Any CPU
		{A2FA7632-540B-4B36-9D9E-744B13F3E492}.Debug|Any CPU.Build.0 = Debug|Any CPU
		{A2FA7632-540B-4B36-9D9E-744B13F3E492}.Release|Any CPU.ActiveCfg = Release|Any CPU
		{A2FA7632-540B-4B36-9D9E-744B13F3E492}.Release|Any CPU.Build.0 = Release|Any CPU
	EndGlobalSection
	GlobalSection(SolutionProperties) = preSolution
		HideSolutionNode = FALSE
	EndGlobalSection
	GlobalSection(ExtensibilityGlobals) = postSolution
		SolutionGuid = {298BED40-F38B-4F84-BD59-415E3D16EA60}
	EndGlobalSection
EndGlobal
